
Microsoft Visual Studio Solution File, Format Version 12.00
# Visual Studio 14
VisualStudioVersion = 14.0.25420.1
MinimumVisualStudioVersion = 10.0.40219.1
Project("{8BC9CEB8-8B4A-11D0-8D11-00A0C91BC942}") = "YSJangConsole", "YSJangConsole\YSJangConsole.vcxproj", "{D643A639-4AAF-4904-BAA7-1F48262872BD}"
EndProject
Global
	GlobalSection(SolutionConfigurationPlatforms) = preSolution
		Debug|x64 = Debug|x64
		Debug|x86 = Debug|x86
		Release|x64 = Release|x64
		Release|x86 = Release|x86
	EndGlobalSection
	GlobalSection(ProjectConfigurationPlatforms) = postSolution
		{D643A639-4AAF-4904-BAA7-1F48262872BD}.Debug|x64.ActiveCfg = Debug|x64
		{D643A639-4AAF-4904-BAA7-1F48262872BD}.Debug|x64.Build.0 = Debug|x64
		{D643A639-4AAF-4904-BAA7-1F48262872BD}.Debug|x86.ActiveCfg = Debug|Win32
		{D643A639-4AAF-4904-BAA7-1F48262872BD}.Debug|x86.Build.0 = Debug|Win32
		{D643A639-4AAF-4904-BAA7-1F48262872BD}.Release|x64.ActiveCfg = Release|x64
		{D643A639-4AAF-4904-BAA7-1F48262872BD}.Release|x64.Build.0 = Release|x64
		{D643A639-4AAF-4904-BAA7-1F48262872BD}.Release|x86.ActiveCfg = Release|Win32
		{D643A639-4AAF-4904-BAA7-1F48262872BD}.Release|x86.Build.0 = Release|Win32
	EndGlobalSection
	GlobalSection(SolutionProperties) = preSolution
		HideSolutionNode = FALSE
	EndGlobalSection
EndGlobal
